
Microsoft Visual Studio Solution File, Format Version 12.00
# Visual Studio Version 17
VisualStudioVersion = 17.0.32112.339
MinimumVisualStudioVersion = 10.0.40219.1
Project("{9A19103F-16F7-4668-BE54-9A1E7A4F7556}") = "EmployeeApp", "EmployeeApp\EmployeeApp.csproj", "{0F5EDABC-4855-4D5C-88D1-59D807430C64}"
EndProject
Project("{9A19103F-16F7-4668-BE54-9A1E7A4F7556}") = "NLogDemo", "NLogDemo\NLogDemo.csproj", "{189BB142-D6F4-47CA-B641-F037C1C0E2A9}"
EndProject
Project("{FAE04EC0-301F-11D3-BF4B-00C04F79EFBC}") = "NLogDemo_DotNet4", "NLogDemo_DotNet4\NLogDemo_DotNet4.csproj", "{7BA39B96-DB8F-4905-B1D1-DDA12DC6D1CC}"
EndProject
Project("{9A19103F-16F7-4668-BE54-9A1E7A4F7556}") = "GenericsDemo", "GenericsDemo\GenericsDemo.csproj", "{B5F5107E-A3C9-42B3-9E7D-105FBB0E2C4C}"
EndProject
Project("{9A19103F-16F7-4668-BE54-9A1E7A4F7556}") = "FindMaxNumber", "FindMaxNumber\FindMaxNumber.csproj", "{4563FB60-9CAC-4CDB-B4D9-2BC89800395B}"
EndProject
Project("{9A19103F-16F7-4668-BE54-9A1E7A4F7556}") = "DataStructure", "DataStructure\DataStructure.csproj", "{095B0944-9D23-43FB-B0E2-177178C69C8F}"
EndProject
Project("{9A19103F-16F7-4668-BE54-9A1E7A4F7556}") = "QueueLinkedList", "QueueLinkedList\QueueLinkedList.csproj", "{7A08574C-8146-4B7A-A43B-E9F3B71CD332}"
EndProject
Project("{9A19103F-16F7-4668-BE54-9A1E7A4F7556}") = "StackLinkedList", "StackLinkedList\StackLinkedList.csproj", "{752A8FFC-F4A6-4BD7-896B-572A15820C55}"
EndProject
Project("{9A19103F-16F7-4668-BE54-9A1E7A4F7556}") = "DelegateDemo", "DelegateDemo\DelegateDemo.csproj", "{A2110A05-E872-4E9A-9869-7D49A26C50AA}"
EndProject
Project("{9A19103F-16F7-4668-BE54-9A1E7A4F7556}") = "EventsDemo", "EventsDemo\EventsDemo.csproj", "{FA9D540F-5EE6-4C9E-B4D6-2B7EFACB7BF4}"
EndProject
Project("{9A19103F-16F7-4668-BE54-9A1E7A4F7556}") = "HashTableDemo", "HashTableDemo\HashTableDemo.csproj", "{FF2EF247-5B52-4C60-B351-79A8A7E84812}"
EndProject
Project("{9A19103F-16F7-4668-BE54-9A1E7A4F7556}") = "BinarySearchTree", "BinarySearchTree\BinarySearchTree.csproj", "{D39C0157-A369-4057-993B-19DEA7D51DB0}"
EndProject
Project("{9A19103F-16F7-4668-BE54-9A1E7A4F7556}") = "RegExApp", "RegExApp\RegExApp.csproj", "{AE279E80-2FD1-4E2F-BFC7-37159B717AD5}"
EndProject
Project("{FAE04EC0-301F-11D3-BF4B-00C04F79EFBC}") = "MSTestApp", "MSTestApp\MSTestApp.csproj", "{41F74BEF-7F3A-469E-B09A-A1BD91065175}"
EndProject
Project("{FAE04EC0-301F-11D3-BF4B-00C04F79EFBC}") = "UnitTest1", "UnitTest1\UnitTest1.csproj", "{0E96D63E-C455-480A-A919-33C7811207BD}"
EndProject
Global
	GlobalSection(SolutionConfigurationPlatforms) = preSolution
		Debug|Any CPU = Debug|Any CPU
		Release|Any CPU = Release|Any CPU
	EndGlobalSection
	GlobalSection(ProjectConfigurationPlatforms) = postSolution
		{0F5EDABC-4855-4D5C-88D1-59D807430C64}.Debug|Any CPU.ActiveCfg = Debug|Any CPU
		{0F5EDABC-4855-4D5C-88D1-59D807430C64}.Debug|Any CPU.Build.0 = Debug|Any CPU
		{0F5EDABC-4855-4D5C-88D1-59D807430C64}.Release|Any CPU.ActiveCfg = Release|Any CPU
		{0F5EDABC-4855-4D5C-88D1-59D807430C64}.Release|Any CPU.Build.0 = Release|Any CPU
		{189BB142-D6F4-47CA-B641-F037C1C0E2A9}.Debug|Any CPU.ActiveCfg = Debug|Any CPU
		{189BB142-D6F4-47CA-B641-F037C1C0E2A9}.Debug|Any CPU.Build.0 = Debug|Any CPU
		{189BB142-D6F4-47CA-B641-F037C1C0E2A9}.Release|Any CPU.ActiveCfg = Release|Any CPU
		{189BB142-D6F4-47CA-B641-F037C1C0E2A9}.Release|Any CPU.Build.0 = Release|Any CPU
		{7BA39B96-DB8F-4905-B1D1-DDA12DC6D1CC}.Debug|Any CPU.ActiveCfg = Debug|Any CPU
		{7BA39B96-DB8F-4905-B1D1-DDA12DC6D1CC}.Debug|Any CPU.Build.0 = Debug|Any CPU
		{7BA39B96-DB8F-4905-B1D1-DDA12DC6D1CC}.Release|Any CPU.ActiveCfg = Release|Any CPU
		{7BA39B96-DB8F-4905-B1D1-DDA12DC6D1CC}.Release|Any CPU.Build.0 = Release|Any CPU
		{B5F5107E-A3C9-42B3-9E7D-105FBB0E2C4C}.Debug|Any CPU.ActiveCfg = Debug|Any CPU
		{B5F5107E-A3C9-42B3-9E7D-105FBB0E2C4C}.Debug|Any CPU.Build.0 = Debug|Any CPU
		{B5F5107E-A3C9-42B3-9E7D-105FBB0E2C4C}.Release|Any CPU.ActiveCfg = Release|Any CPU
		{B5F5107E-A3C9-42B3-9E7D-105FBB0E2C4C}.Release|Any CPU.Build.0 = Release|Any CPU
		{4563FB60-9CAC-4CDB-B4D9-2BC89800395B}.Debug|Any CPU.ActiveCfg = Debug|Any CPU
		{4563FB60-9CAC-4CDB-B4D9-2BC89800395B}.Debug|Any CPU.Build.0 = Debug|Any CPU
		{4563FB60-9CAC-4CDB-B4D9-2BC89800395B}.Release|Any CPU.ActiveCfg = Release|Any CPU
		{4563FB60-9CAC-4CDB-B4D9-2BC89800395B}.Release|Any CPU.Build.0 = Release|Any CPU
		{095B0944-9D23-43FB-B0E2-177178C69C8F}.Debug|Any CPU.ActiveCfg = Debug|Any CPU
		{095B0944-9D23-43FB-B0E2-177178C69C8F}.Debug|Any CPU.Build.0 = Debug|Any CPU
		{095B0944-9D23-43FB-B0E2-177178C69C8F}.Release|Any CPU.ActiveCfg = Release|Any CPU
		{095B0944-9D23-43FB-B0E2-177178C69C8F}.Release|Any CPU.Build.0 = Release|Any CPU
		{7A08574C-8146-4B7A-A43B-E9F3B71CD332}.Debug|Any CPU.ActiveCfg = Debug|Any CPU
		{7A08574C-8146-4B7A-A43B-E9F3B71CD332}.Debug|Any CPU.Build.0 = Debug|Any CPU
		{7A08574C-8146-4B7A-A43B-E9F3B71CD332}.Release|Any CPU.ActiveCfg = Release|Any CPU
		{7A08574C-8146-4B7A-A43B-E9F3B71CD332}.Release|Any CPU.Build.0 = Release|Any CPU
		{752A8FFC-F4A6-4BD7-896B-572A15820C55}.Debug|Any CPU.ActiveCfg = Debug|Any CPU
		{752A8FFC-F4A6-4BD7-896B-572A15820C55}.Debug|Any CPU.Build.0 = Debug|Any CPU
		{752A8FFC-F4A6-4BD7-896B-572A15820C55}.Release|Any CPU.ActiveCfg = Release|Any CPU
		{752A8FFC-F4A6-4BD7-896B-572A15820C55}.Release|Any CPU.Build.0 = Release|Any CPU
		{A2110A05-E872-4E9A-9869-7D49A26C50AA}.Debug|Any CPU.ActiveCfg = Debug|Any CPU
		{A2110A05-E872-4E9A-9869-7D49A26C50AA}.Debug|Any CPU.Build.0 = Debug|Any CPU
		{A2110A05-E872-4E9A-9869-7D49A26C50AA}.Release|Any CPU.ActiveCfg = Release|Any CPU
		{A2110A05-E872-4E9A-9869-7D49A26C50AA}.Release|Any CPU.Build.0 = Release|Any CPU
		{FA9D540F-5EE6-4C9E-B4D6-2B7EFACB7BF4}.Debug|Any CPU.ActiveCfg = Debug|Any CPU
		{FA9D540F-5EE6-4C9E-B4D6-2B7EFACB7BF4}.Debug|Any CPU.Build.0 = Debug|Any CPU
		{FA9D540F-5EE6-4C9E-B4D6-2B7EFACB7BF4}.Release|Any CPU.ActiveCfg = Release|Any CPU
		{FA9D540F-5EE6-4C9E-B4D6-2B7EFACB7BF4}.Release|Any CPU.Build.0 = Release|Any CPU
		{FF2EF247-5B52-4C60-B351-79A8A7E84812}.Debug|Any CPU.ActiveCfg = Debug|Any CPU
		{FF2EF247-5B52-4C60-B351-79A8A7E84812}.Debug|Any CPU.Build.0 = Debug|Any CPU
		{FF2EF247-5B52-4C60-B351-79A8A7E84812}.Release|Any CPU.ActiveCfg = Release|Any CPU
		{FF2EF247-5B52-4C60-B351-79A8A7E84812}.Release|Any CPU.Build.0 = Release|Any CPU
		{D39C0157-A369-4057-993B-19DEA7D51DB0}.Debug|Any CPU.ActiveCfg = Debug|Any CPU
		{D39C0157-A369-4057-993B-19DEA7D51DB0}.Debug|Any CPU.Build.0 = Debug|Any CPU
		{D39C0157-A369-4057-993B-19DEA7D51DB0}.Release|Any CPU.ActiveCfg = Release|Any CPU
		{D39C0157-A369-4057-993B-19DEA7D51DB0}.Release|Any CPU.Build.0 = Release|Any CPU
		{AE279E80-2FD1-4E2F-BFC7-37159B717AD5}.Debug|Any CPU.ActiveCfg = Debug|Any CPU
		{AE279E80-2FD1-4E2F-BFC7-37159B717AD5}.Debug|Any CPU.Build.0 = Debug|Any CPU
		{AE279E80-2FD1-4E2F-BFC7-37159B717AD5}.Release|Any CPU.ActiveCfg = Release|Any CPU
		{AE279E80-2FD1-4E2F-BFC7-37159B717AD5}.Release|Any CPU.Build.0 = Release|Any CPU
		{41F74BEF-7F3A-469E-B09A-A1BD91065175}.Debug|Any CPU.ActiveCfg = Debug|Any CPU
		{41F74BEF-7F3A-469E-B09A-A1BD91065175}.Debug|Any CPU.Build.0 = Debug|Any CPU
		{41F74BEF-7F3A-469E-B09A-A1BD91065175}.Release|Any CPU.ActiveCfg = Release|Any CPU
		{41F74BEF-7F3A-469E-B09A-A1BD91065175}.Release|Any CPU.Build.0 = Release|Any CPU
		{0E96D63E-C455-480A-A919-33C7811207BD}.Debug|Any CPU.ActiveCfg = Debug|Any CPU
		{0E96D63E-C455-480A-A919-33C7811207BD}.Debug|Any CPU.Build.0 = Debug|Any CPU
		{0E96D63E-C455-480A-A919-33C7811207BD}.Release|Any CPU.ActiveCfg = Release|Any CPU
		{0E96D63E-C455-480A-A919-33C7811207BD}.Release|Any CPU.Build.0 = Release|Any CPU
	EndGlobalSection
	GlobalSection(SolutionProperties) = preSolution
		HideSolutionNode = FALSE
	EndGlobalSection
	GlobalSection(ExtensibilityGlobals) = postSolution
		SolutionGuid = {81FC3C4E-0E87-412B-B999-8CDDEE39E0B0}
	EndGlobalSection
EndGlobal
