
Microsoft Visual Studio Solution File, Format Version 12.00
# Visual Studio Version 17
VisualStudioVersion = 17.0.32112.339
MinimumVisualStudioVersion = 10.0.40219.1
Project("{9A19103F-16F7-4668-BE54-9A1E7A4F7556}") = "EmployeeApp", "EmployeeApp\EmployeeApp.csproj", "{0F5EDABC-4855-4D5C-88D1-59D807430C64}"
EndProject
Project("{9A19103F-16F7-4668-BE54-9A1E7A4F7556}") = "GenericsDemo", "GenericsDemo\GenericsDemo.csproj", "{B5F5107E-A3C9-42B3-9E7D-105FBB0E2C4C}"
EndProject
Project("{9A19103F-16F7-4668-BE54-9A1E7A4F7556}") = "FindMaxNumber", "FindMaxNumber\FindMaxNumber.csproj", "{4563FB60-9CAC-4CDB-B4D9-2BC89800395B}"
EndProject
Project("{9A19103F-16F7-4668-BE54-9A1E7A4F7556}") = "DataStructure", "DataStructure\DataStructure.csproj", "{095B0944-9D23-43FB-B0E2-177178C69C8F}"
EndProject
Project("{9A19103F-16F7-4668-BE54-9A1E7A4F7556}") = "QueueLinkedList", "QueueLinkedList\QueueLinkedList.csproj", "{7A08574C-8146-4B7A-A43B-E9F3B71CD332}"
EndProject
Project("{9A19103F-16F7-4668-BE54-9A1E7A4F7556}") = "StackLinkedList", "StackLinkedList\StackLinkedList.csproj", "{752A8FFC-F4A6-4BD7-896B-572A15820C55}"
EndProject
Project("{9A19103F-16F7-4668-BE54-9A1E7A4F7556}") = "DelegateDemo", "DelegateDemo\DelegateDemo.csproj", "{A2110A05-E872-4E9A-9869-7D49A26C50AA}"
EndProject
Project("{9A19103F-16F7-4668-BE54-9A1E7A4F7556}") = "EventsDemo", "EventsDemo\EventsDemo.csproj", "{FA9D540F-5EE6-4C9E-B4D6-2B7EFACB7BF4}"
EndProject
Project("{9A19103F-16F7-4668-BE54-9A1E7A4F7556}") = "HashTableDemo", "HashTableDemo\HashTableDemo.csproj", "{FF2EF247-5B52-4C60-B351-79A8A7E84812}"
EndProject
Project("{9A19103F-16F7-4668-BE54-9A1E7A4F7556}") = "BinarySearchTree", "BinarySearchTree\BinarySearchTree.csproj", "{D39C0157-A369-4057-993B-19DEA7D51DB0}"
EndProject
Project("{9A19103F-16F7-4668-BE54-9A1E7A4F7556}") = "RegExApp", "RegExApp\RegExApp.csproj", "{AE279E80-2FD1-4E2F-BFC7-37159B717AD5}"
EndProject
Project("{2150E333-8FDC-42A3-9474-1A3956D46DE8}") = "MS Test", "MS Test", "{F94F55BD-52DF-4EAF-8283-6D5946F6B604}"
EndProject
Project("{2150E333-8FDC-42A3-9474-1A3956D46DE8}") = "Data Structure", "Data Structure", "{625EEEAF-7D0F-4571-A14C-E086F125478C}"
EndProject
Project("{2150E333-8FDC-42A3-9474-1A3956D46DE8}") = "Events and Delegates", "Events and Delegates", "{61C6CEA7-6E1D-4D04-9643-7A2C3A74147B}"
EndProject
Project("{2150E333-8FDC-42A3-9474-1A3956D46DE8}") = "Generics", "Generics", "{8E267ADB-E3A3-461D-A213-E255ACF6D450}"
EndProject
Project("{9A19103F-16F7-4668-BE54-9A1E7A4F7556}") = "MathOperation", "MathOperation\MathOperation.csproj", "{2483E3F3-0740-41B6-94AD-5E9E6370E336}"
EndProject
Project("{9A19103F-16F7-4668-BE54-9A1E7A4F7556}") = "UnitTest", "UnitTest\UnitTest.csproj", "{F7BA9DA7-E982-4FB0-89C0-705D67A1919E}"
EndProject
Project("{9A19103F-16F7-4668-BE54-9A1E7A4F7556}") = "CoffeeMaker", "CoffeeMaker\CoffeeMaker.csproj", "{9B56BEB5-2D6B-4A8F-9560-030097B2BD54}"
EndProject
Project("{2150E333-8FDC-42A3-9474-1A3956D46DE8}") = "Mood Analyser", "Mood Analyser", "{60EA28B5-A053-472C-A3D2-62106E63E283}"
EndProject
Project("{FAE04EC0-301F-11D3-BF4B-00C04F79EFBC}") = "MoodAnalyserApp", "MoodAnalyser\MoodAnalyserApp.csproj", "{A72ED635-4515-42A7-A473-87114DEACF50}"
EndProject
Project("{FAE04EC0-301F-11D3-BF4B-00C04F79EFBC}") = "MoodAnalyserTest", "MoodAnalyserTest\MoodAnalyserTest.csproj", "{0C993C2C-E31E-4670-AD84-6891DACF754A}"
EndProject
Global
	GlobalSection(SolutionConfigurationPlatforms) = preSolution
		Debug|Any CPU = Debug|Any CPU
		Release|Any CPU = Release|Any CPU
	EndGlobalSection
	GlobalSection(ProjectConfigurationPlatforms) = postSolution
		{0F5EDABC-4855-4D5C-88D1-59D807430C64}.Debug|Any CPU.ActiveCfg = Debug|Any CPU
		{0F5EDABC-4855-4D5C-88D1-59D807430C64}.Debug|Any CPU.Build.0 = Debug|Any CPU
		{0F5EDABC-4855-4D5C-88D1-59D807430C64}.Release|Any CPU.ActiveCfg = Release|Any CPU
		{0F5EDABC-4855-4D5C-88D1-59D807430C64}.Release|Any CPU.Build.0 = Release|Any CPU
		{B5F5107E-A3C9-42B3-9E7D-105FBB0E2C4C}.Debug|Any CPU.ActiveCfg = Debug|Any CPU
		{B5F5107E-A3C9-42B3-9E7D-105FBB0E2C4C}.Debug|Any CPU.Build.0 = Debug|Any CPU
		{B5F5107E-A3C9-42B3-9E7D-105FBB0E2C4C}.Release|Any CPU.ActiveCfg = Release|Any CPU
		{B5F5107E-A3C9-42B3-9E7D-105FBB0E2C4C}.Release|Any CPU.Build.0 = Release|Any CPU
		{4563FB60-9CAC-4CDB-B4D9-2BC89800395B}.Debug|Any CPU.ActiveCfg = Debug|Any CPU
		{4563FB60-9CAC-4CDB-B4D9-2BC89800395B}.Debug|Any CPU.Build.0 = Debug|Any CPU
		{4563FB60-9CAC-4CDB-B4D9-2BC89800395B}.Release|Any CPU.ActiveCfg = Release|Any CPU
		{4563FB60-9CAC-4CDB-B4D9-2BC89800395B}.Release|Any CPU.Build.0 = Release|Any CPU
		{095B0944-9D23-43FB-B0E2-177178C69C8F}.Debug|Any CPU.ActiveCfg = Debug|Any CPU
		{095B0944-9D23-43FB-B0E2-177178C69C8F}.Debug|Any CPU.Build.0 = Debug|Any CPU
		{095B0944-9D23-43FB-B0E2-177178C69C8F}.Release|Any CPU.ActiveCfg = Release|Any CPU
		{095B0944-9D23-43FB-B0E2-177178C69C8F}.Release|Any CPU.Build.0 = Release|Any CPU
		{7A08574C-8146-4B7A-A43B-E9F3B71CD332}.Debug|Any CPU.ActiveCfg = Debug|Any CPU
		{7A08574C-8146-4B7A-A43B-E9F3B71CD332}.Debug|Any CPU.Build.0 = Debug|Any CPU
		{7A08574C-8146-4B7A-A43B-E9F3B71CD332}.Release|Any CPU.ActiveCfg = Release|Any CPU
		{7A08574C-8146-4B7A-A43B-E9F3B71CD332}.Release|Any CPU.Build.0 = Release|Any CPU
		{752A8FFC-F4A6-4BD7-896B-572A15820C55}.Debug|Any CPU.ActiveCfg = Debug|Any CPU
		{752A8FFC-F4A6-4BD7-896B-572A15820C55}.Debug|Any CPU.Build.0 = Debug|Any CPU
		{752A8FFC-F4A6-4BD7-896B-572A15820C55}.Release|Any CPU.ActiveCfg = Release|Any CPU
		{752A8FFC-F4A6-4BD7-896B-572A15820C55}.Release|Any CPU.Build.0 = Release|Any CPU
		{A2110A05-E872-4E9A-9869-7D49A26C50AA}.Debug|Any CPU.ActiveCfg = Debug|Any CPU
		{A2110A05-E872-4E9A-9869-7D49A26C50AA}.Debug|Any CPU.Build.0 = Debug|Any CPU
		{A2110A05-E872-4E9A-9869-7D49A26C50AA}.Release|Any CPU.ActiveCfg = Release|Any CPU
		{A2110A05-E872-4E9A-9869-7D49A26C50AA}.Release|Any CPU.Build.0 = Release|Any CPU
		{FA9D540F-5EE6-4C9E-B4D6-2B7EFACB7BF4}.Debug|Any CPU.ActiveCfg = Debug|Any CPU
		{FA9D540F-5EE6-4C9E-B4D6-2B7EFACB7BF4}.Debug|Any CPU.Build.0 = Debug|Any CPU
		{FA9D540F-5EE6-4C9E-B4D6-2B7EFACB7BF4}.Release|Any CPU.ActiveCfg = Release|Any CPU
		{FA9D540F-5EE6-4C9E-B4D6-2B7EFACB7BF4}.Release|Any CPU.Build.0 = Release|Any CPU
		{FF2EF247-5B52-4C60-B351-79A8A7E84812}.Debug|Any CPU.ActiveCfg = Debug|Any CPU
		{FF2EF247-5B52-4C60-B351-79A8A7E84812}.Debug|Any CPU.Build.0 = Debug|Any CPU
		{FF2EF247-5B52-4C60-B351-79A8A7E84812}.Release|Any CPU.ActiveCfg = Release|Any CPU
		{FF2EF247-5B52-4C60-B351-79A8A7E84812}.Release|Any CPU.Build.0 = Release|Any CPU
		{D39C0157-A369-4057-993B-19DEA7D51DB0}.Debug|Any CPU.ActiveCfg = Debug|Any CPU
		{D39C0157-A369-4057-993B-19DEA7D51DB0}.Debug|Any CPU.Build.0 = Debug|Any CPU
		{D39C0157-A369-4057-993B-19DEA7D51DB0}.Release|Any CPU.ActiveCfg = Release|Any CPU
		{D39C0157-A369-4057-993B-19DEA7D51DB0}.Release|Any CPU.Build.0 = Release|Any CPU
		{AE279E80-2FD1-4E2F-BFC7-37159B717AD5}.Debug|Any CPU.ActiveCfg = Debug|Any CPU
		{AE279E80-2FD1-4E2F-BFC7-37159B717AD5}.Debug|Any CPU.Build.0 = Debug|Any CPU
		{AE279E80-2FD1-4E2F-BFC7-37159B717AD5}.Release|Any CPU.ActiveCfg = Release|Any CPU
		{AE279E80-2FD1-4E2F-BFC7-37159B717AD5}.Release|Any CPU.Build.0 = Release|Any CPU
		{2483E3F3-0740-41B6-94AD-5E9E6370E336}.Debug|Any CPU.ActiveCfg = Debug|Any CPU
		{2483E3F3-0740-41B6-94AD-5E9E6370E336}.Debug|Any CPU.Build.0 = Debug|Any CPU
		{2483E3F3-0740-41B6-94AD-5E9E6370E336}.Release|Any CPU.ActiveCfg = Release|Any CPU
		{2483E3F3-0740-41B6-94AD-5E9E6370E336}.Release|Any CPU.Build.0 = Release|Any CPU
		{F7BA9DA7-E982-4FB0-89C0-705D67A1919E}.Debug|Any CPU.ActiveCfg = Debug|Any CPU
		{F7BA9DA7-E982-4FB0-89C0-705D67A1919E}.Debug|Any CPU.Build.0 = Debug|Any CPU
		{F7BA9DA7-E982-4FB0-89C0-705D67A1919E}.Release|Any CPU.ActiveCfg = Release|Any CPU
		{F7BA9DA7-E982-4FB0-89C0-705D67A1919E}.Release|Any CPU.Build.0 = Release|Any CPU
		{9B56BEB5-2D6B-4A8F-9560-030097B2BD54}.Debug|Any CPU.ActiveCfg = Debug|Any CPU
		{9B56BEB5-2D6B-4A8F-9560-030097B2BD54}.Debug|Any CPU.Build.0 = Debug|Any CPU
		{9B56BEB5-2D6B-4A8F-9560-030097B2BD54}.Release|Any CPU.ActiveCfg = Release|Any CPU
		{9B56BEB5-2D6B-4A8F-9560-030097B2BD54}.Release|Any CPU.Build.0 = Release|Any CPU
		{A72ED635-4515-42A7-A473-87114DEACF50}.Debug|Any CPU.ActiveCfg = Debug|Any CPU
		{A72ED635-4515-42A7-A473-87114DEACF50}.Debug|Any CPU.Build.0 = Debug|Any CPU
		{A72ED635-4515-42A7-A473-87114DEACF50}.Release|Any CPU.ActiveCfg = Release|Any CPU
		{A72ED635-4515-42A7-A473-87114DEACF50}.Release|Any CPU.Build.0 = Release|Any CPU
		{0C993C2C-E31E-4670-AD84-6891DACF754A}.Debug|Any CPU.ActiveCfg = Debug|Any CPU
		{0C993C2C-E31E-4670-AD84-6891DACF754A}.Debug|Any CPU.Build.0 = Debug|Any CPU
		{0C993C2C-E31E-4670-AD84-6891DACF754A}.Release|Any CPU.ActiveCfg = Release|Any CPU
		{0C993C2C-E31E-4670-AD84-6891DACF754A}.Release|Any CPU.Build.0 = Release|Any CPU
	EndGlobalSection
	GlobalSection(SolutionProperties) = preSolution
		HideSolutionNode = FALSE
	EndGlobalSection
	GlobalSection(NestedProjects) = preSolution
		{B5F5107E-A3C9-42B3-9E7D-105FBB0E2C4C} = {8E267ADB-E3A3-461D-A213-E255ACF6D450}
		{4563FB60-9CAC-4CDB-B4D9-2BC89800395B} = {8E267ADB-E3A3-461D-A213-E255ACF6D450}
		{095B0944-9D23-43FB-B0E2-177178C69C8F} = {625EEEAF-7D0F-4571-A14C-E086F125478C}
		{7A08574C-8146-4B7A-A43B-E9F3B71CD332} = {625EEEAF-7D0F-4571-A14C-E086F125478C}
		{752A8FFC-F4A6-4BD7-896B-572A15820C55} = {625EEEAF-7D0F-4571-A14C-E086F125478C}
		{A2110A05-E872-4E9A-9869-7D49A26C50AA} = {61C6CEA7-6E1D-4D04-9643-7A2C3A74147B}
		{FA9D540F-5EE6-4C9E-B4D6-2B7EFACB7BF4} = {61C6CEA7-6E1D-4D04-9643-7A2C3A74147B}
		{FF2EF247-5B52-4C60-B351-79A8A7E84812} = {625EEEAF-7D0F-4571-A14C-E086F125478C}
		{D39C0157-A369-4057-993B-19DEA7D51DB0} = {625EEEAF-7D0F-4571-A14C-E086F125478C}
		{2483E3F3-0740-41B6-94AD-5E9E6370E336} = {F94F55BD-52DF-4EAF-8283-6D5946F6B604}
		{F7BA9DA7-E982-4FB0-89C0-705D67A1919E} = {F94F55BD-52DF-4EAF-8283-6D5946F6B604}
		{9B56BEB5-2D6B-4A8F-9560-030097B2BD54} = {F94F55BD-52DF-4EAF-8283-6D5946F6B604}
		{A72ED635-4515-42A7-A473-87114DEACF50} = {60EA28B5-A053-472C-A3D2-62106E63E283}
		{0C993C2C-E31E-4670-AD84-6891DACF754A} = {60EA28B5-A053-472C-A3D2-62106E63E283}
	EndGlobalSection
	GlobalSection(ExtensibilityGlobals) = postSolution
		SolutionGuid = {81FC3C4E-0E87-412B-B999-8CDDEE39E0B0}
	EndGlobalSection
EndGlobal
