
Microsoft Visual Studio Solution File, Format Version 12.00
# Visual Studio Version 17
VisualStudioVersion = 17.0.32112.339
MinimumVisualStudioVersion = 10.0.40219.1
Project("{FAE04EC0-301F-11D3-BF4B-00C04F79EFBC}") = "ConceptTesting", "ConceptTesting\ConceptTesting.csproj", "{59BE0767-3F82-48D6-A813-C410F025F075}"
EndProject
Global
	GlobalSection(SolutionConfigurationPlatforms) = preSolution
		Debug|Any CPU = Debug|Any CPU
		Release|Any CPU = Release|Any CPU
	EndGlobalSection
	GlobalSection(ProjectConfigurationPlatforms) = postSolution
		{59BE0767-3F82-48D6-A813-C410F025F075}.Debug|Any CPU.ActiveCfg = Debug|Any CPU
		{59BE0767-3F82-48D6-A813-C410F025F075}.Debug|Any CPU.Build.0 = Debug|Any CPU
		{59BE0767-3F82-48D6-A813-C410F025F075}.Release|Any CPU.ActiveCfg = Release|Any CPU
		{59BE0767-3F82-48D6-A813-C410F025F075}.Release|Any CPU.Build.0 = Release|Any CPU
	EndGlobalSection
	GlobalSection(SolutionProperties) = preSolution
		HideSolutionNode = FALSE
	EndGlobalSection
	GlobalSection(ExtensibilityGlobals) = postSolution
		SolutionGuid = {EF67B60C-0ECE-472F-8CD0-45E809594F1F}
	EndGlobalSection
EndGlobal
