
Microsoft Visual Studio Solution File, Format Version 12.00
# Visual Studio Version 17
VisualStudioVersion = 17.0.32112.339
MinimumVisualStudioVersion = 10.0.40219.1
Project("{9A19103F-16F7-4668-BE54-9A1E7A4F7556}") = "ConceptTesting", "ConceptTesting\ConceptTesting.csproj", "{59BE0767-3F82-48D6-A813-C410F025F075}"
EndProject
Project("{9A19103F-16F7-4668-BE54-9A1E7A4F7556}") = "HubCommonLibrary", "HubCommonLibrary\HubCommonLibrary.csproj", "{C24A8DE2-39AA-44F5-8186-D7949872AA7D}"
EndProject
Project("{9A19103F-16F7-4668-BE54-9A1E7A4F7556}") = "GeometryLine", "GeometryLine\GeometryLine.csproj", "{6D0C19D2-E742-44D7-8E09-D907792E4A18}"
EndProject
Project("{9A19103F-16F7-4668-BE54-9A1E7A4F7556}") = "SnakeAndLadderApp", "SnakeAndLadderApp\SnakeAndLadderApp.csproj", "{10F06E60-C57B-48A4-9ED4-8A2696AD24F2}"
EndProject
Project("{9A19103F-16F7-4668-BE54-9A1E7A4F7556}") = "DelegatesConcept", "DelegatesConcept\DelegatesConcept.csproj", "{24DE634B-5339-4C17-B778-FE1E4B0EEA4B}"
EndProject
Project("{9A19103F-16F7-4668-BE54-9A1E7A4F7556}") = "ExceptionHandling", "ExceptionHandling\ExceptionHandling.csproj", "{3CB4D0FD-A24E-4C59-804E-785A855C4528}"
EndProject
Project("{FAE04EC0-301F-11D3-BF4B-00C04F79EFBC}") = "Architecture", "Architecture\Architecture.csproj", "{CAE68ECD-DD91-437D-9EC1-8A9CF97D5101}"
EndProject
Global
	GlobalSection(SolutionConfigurationPlatforms) = preSolution
		Debug|Any CPU = Debug|Any CPU
		Release|Any CPU = Release|Any CPU
	EndGlobalSection
	GlobalSection(ProjectConfigurationPlatforms) = postSolution
		{59BE0767-3F82-48D6-A813-C410F025F075}.Debug|Any CPU.ActiveCfg = Debug|Any CPU
		{59BE0767-3F82-48D6-A813-C410F025F075}.Debug|Any CPU.Build.0 = Debug|Any CPU
		{59BE0767-3F82-48D6-A813-C410F025F075}.Release|Any CPU.ActiveCfg = Release|Any CPU
		{59BE0767-3F82-48D6-A813-C410F025F075}.Release|Any CPU.Build.0 = Release|Any CPU
		{C24A8DE2-39AA-44F5-8186-D7949872AA7D}.Debug|Any CPU.ActiveCfg = Debug|Any CPU
		{C24A8DE2-39AA-44F5-8186-D7949872AA7D}.Debug|Any CPU.Build.0 = Debug|Any CPU
		{C24A8DE2-39AA-44F5-8186-D7949872AA7D}.Release|Any CPU.ActiveCfg = Release|Any CPU
		{C24A8DE2-39AA-44F5-8186-D7949872AA7D}.Release|Any CPU.Build.0 = Release|Any CPU
		{6D0C19D2-E742-44D7-8E09-D907792E4A18}.Debug|Any CPU.ActiveCfg = Debug|Any CPU
		{6D0C19D2-E742-44D7-8E09-D907792E4A18}.Debug|Any CPU.Build.0 = Debug|Any CPU
		{6D0C19D2-E742-44D7-8E09-D907792E4A18}.Release|Any CPU.ActiveCfg = Release|Any CPU
		{6D0C19D2-E742-44D7-8E09-D907792E4A18}.Release|Any CPU.Build.0 = Release|Any CPU
		{10F06E60-C57B-48A4-9ED4-8A2696AD24F2}.Debug|Any CPU.ActiveCfg = Debug|Any CPU
		{10F06E60-C57B-48A4-9ED4-8A2696AD24F2}.Debug|Any CPU.Build.0 = Debug|Any CPU
		{10F06E60-C57B-48A4-9ED4-8A2696AD24F2}.Release|Any CPU.ActiveCfg = Release|Any CPU
		{10F06E60-C57B-48A4-9ED4-8A2696AD24F2}.Release|Any CPU.Build.0 = Release|Any CPU
		{24DE634B-5339-4C17-B778-FE1E4B0EEA4B}.Debug|Any CPU.ActiveCfg = Debug|Any CPU
		{24DE634B-5339-4C17-B778-FE1E4B0EEA4B}.Debug|Any CPU.Build.0 = Debug|Any CPU
		{24DE634B-5339-4C17-B778-FE1E4B0EEA4B}.Release|Any CPU.ActiveCfg = Release|Any CPU
		{24DE634B-5339-4C17-B778-FE1E4B0EEA4B}.Release|Any CPU.Build.0 = Release|Any CPU
		{3CB4D0FD-A24E-4C59-804E-785A855C4528}.Debug|Any CPU.ActiveCfg = Debug|Any CPU
		{3CB4D0FD-A24E-4C59-804E-785A855C4528}.Debug|Any CPU.Build.0 = Debug|Any CPU
		{3CB4D0FD-A24E-4C59-804E-785A855C4528}.Release|Any CPU.ActiveCfg = Release|Any CPU
		{3CB4D0FD-A24E-4C59-804E-785A855C4528}.Release|Any CPU.Build.0 = Release|Any CPU
		{CAE68ECD-DD91-437D-9EC1-8A9CF97D5101}.Debug|Any CPU.ActiveCfg = Debug|Any CPU
		{CAE68ECD-DD91-437D-9EC1-8A9CF97D5101}.Debug|Any CPU.Build.0 = Debug|Any CPU
		{CAE68ECD-DD91-437D-9EC1-8A9CF97D5101}.Release|Any CPU.ActiveCfg = Release|Any CPU
		{CAE68ECD-DD91-437D-9EC1-8A9CF97D5101}.Release|Any CPU.Build.0 = Release|Any CPU
	EndGlobalSection
	GlobalSection(SolutionProperties) = preSolution
		HideSolutionNode = FALSE
	EndGlobalSection
	GlobalSection(ExtensibilityGlobals) = postSolution
		SolutionGuid = {EF67B60C-0ECE-472F-8CD0-45E809594F1F}
	EndGlobalSection
EndGlobal
